
Microsoft Visual Studio Solution File, Format Version 12.00
# Visual Studio Version 16
VisualStudioVersion = 16.0.29009.5
MinimumVisualStudioVersion = 10.0.40219.1
Project("{FAE04EC0-301F-11D3-BF4B-00C04F79EFBC}") = "testArmo", "testArmo\testArmo.csproj", "{431DD0BF-8DE8-4A23-B66D-2BF8973024A7}"
EndProject
Global
	GlobalSection(SolutionConfigurationPlatforms) = preSolution
		Debug|Any CPU = Debug|Any CPU
		Release|Any CPU = Release|Any CPU
	EndGlobalSection
	GlobalSection(ProjectConfigurationPlatforms) = postSolution
		{431DD0BF-8DE8-4A23-B66D-2BF8973024A7}.Debug|Any CPU.ActiveCfg = Debug|Any CPU
		{431DD0BF-8DE8-4A23-B66D-2BF8973024A7}.Debug|Any CPU.Build.0 = Debug|Any CPU
		{431DD0BF-8DE8-4A23-B66D-2BF8973024A7}.Release|Any CPU.ActiveCfg = Release|Any CPU
		{431DD0BF-8DE8-4A23-B66D-2BF8973024A7}.Release|Any CPU.Build.0 = Release|Any CPU
	EndGlobalSection
	GlobalSection(SolutionProperties) = preSolution
		HideSolutionNode = FALSE
	EndGlobalSection
	GlobalSection(ExtensibilityGlobals) = postSolution
		SolutionGuid = {485F6CEC-8197-4D06-A310-26E707A3AE5C}
	EndGlobalSection
EndGlobal
